// !$*UTF8*$!
{
	archiveVersion = 1;
	classes = {
	};
	objectVersion = 46;
	objects = {

/* Begin PBXBuildFile section */
		B7BFF87D1E7A6C76006CFA30 /* AppDelegate.swift in Sources */ = {isa = PBXBuildFile; fileRef = B7BFF87C1E7A6C76006CFA30 /* AppDelegate.swift */; };
		B7BFF87F1E7A6C76006CFA30 /* ViewController.swift in Sources */ = {isa = PBXBuildFile; fileRef = B7BFF87E1E7A6C76006CFA30 /* ViewController.swift */; };
		B7BFF8821E7A6C76006CFA30 /* Main.storyboard in Resources */ = {isa = PBXBuildFile; fileRef = B7BFF8801E7A6C76006CFA30 /* Main.storyboard */; };
		B7BFF8851E7A6C76006CFA30 /* TSKLIST__1.xcdatamodeld in Sources */ = {isa = PBXBuildFile; fileRef = B7BFF8831E7A6C76006CFA30 /* TSKLIST__1.xcdatamodeld */; };
		B7BFF8871E7A6C76006CFA30 /* Assets.xcassets in Resources */ = {isa = PBXBuildFile; fileRef = B7BFF8861E7A6C76006CFA30 /* Assets.xcassets */; };
		B7BFF88A1E7A6C76006CFA30 /* LaunchScreen.storyboard in Resources */ = {isa = PBXBuildFile; fileRef = B7BFF8881E7A6C76006CFA30 /* LaunchScreen.storyboard */; };
/* End PBXBuildFile section */

/* Begin PBXFileReference section */
		B7BFF8791E7A6C76006CFA30 /* TSKLIST__1.app */ = {isa = PBXFileReference; explicitFileType = wrapper.application; includeInIndex = 0; path = TSKLIST__1.app; sourceTree = BUILT_PRODUCTS_DIR; };
		B7BFF87C1E7A6C76006CFA30 /* AppDelegate.swift */ = {isa = PBXFileReference; lastKnownFileType = sourcecode.swift; path = AppDelegate.swift; sourceTree = "<group>"; };
		B7BFF87E1E7A6C76006CFA30 /* ViewController.swift */ = {isa = PBXFileReference; lastKnownFileType = sourcecode.swift; path = ViewController.swift; sourceTree = "<group>"; };
		B7BFF8811E7A6C76006CFA30 /* Base */ = {isa = PBXFileReference; lastKnownFileType = file.storyboard; name = Base; path = Base.lproj/Main.storyboard; sourceTree = "<group>"; };
		B7BFF8841E7A6C76006CFA30 /* TSKLIST__1.xcdatamodel */ = {isa = PBXFileReference; lastKnownFileType = wrapper.xcdatamodel; path = TSKLIST__1.xcdatamodel; sourceTree = "<group>"; };
		B7BFF8861E7A6C76006CFA30 /* Assets.xcassets */ = {isa = PBXFileReference; lastKnownFileType = folder.assetcatalog; path = Assets.xcassets; sourceTree = "<group>"; };
		B7BFF8891E7A6C76006CFA30 /* Base */ = {isa = PBXFileReference; lastKnownFileType = file.storyboard; name = Base; path = Base.lproj/LaunchScreen.storyboard; sourceTree = "<group>"; };
		B7BFF88B1E7A6C76006CFA30 /* Info.plist */ = {isa = PBXFileReference; lastKnownFileType = text.plist.xml; path = Info.plist; sourceTree = "<group>"; };
/* End PBXFileReference section */

/* Begin PBXFrameworksBuildPhase section */
		B7BFF8761E7A6C76006CFA30 /* Frameworks */ = {
			isa = PBXFrameworksBuildPhase;
			buildActionMask = 2147483647;
			files = (
			);
			runOnlyForDeploymentPostprocessing = 0;
		};
/* End PBXFrameworksBuildPhase section */

/* Begin PBXGroup section */
		B7BFF8701E7A6C75006CFA30 = {
			isa = PBXGroup;
			children = (
				B7BFF87B1E7A6C76006CFA30 /* TSKLIST__1 */,
				B7BFF87A1E7A6C76006CFA30 /* Products */,
			);
			sourceTree = "<group>";
		};
		B7BFF87A1E7A6C76006CFA30 /* Products */ = {
			isa = PBXGroup;
			children = (
				B7BFF8791E7A6C76006CFA30 /* TSKLIST__1.app */,
			);
			name = Products;
			sourceTree = "<group>";
		};
		B7BFF87B1E7A6C76006CFA30 /* TSKLIST__1 */ = {
			isa = PBXGroup;
			children = (
				B7BFF87C1E7A6C76006CFA30 /* AppDelegate.swift */,
				B7BFF87E1E7A6C76006CFA30 /* ViewController.swift */,
				B7BFF8801E7A6C76006CFA30 /* Main.storyboard */,
				B7BFF8861E7A6C76006CFA30 /* Assets.xcassets */,
				B7BFF8881E7A6C76006CFA30 /* LaunchScreen.storyboard */,
				B7BFF88B1E7A6C76006CFA30 /* Info.plist */,
				B7BFF8831E7A6C76006CFA30 /* TSKLIST__1.xcdatamodeld */,
			);
			path = TSKLIST__1;
			sourceTree = "<group>";
		};
/* End PBXGroup section */

/* Begin PBXNativeTarget section */
		B7BFF8781E7A6C76006CFA30 /* TSKLIST__1 */ = {
			isa = PBXNativeTarget;
			buildConfigurationList = B7BFF88E1E7A6C76006CFA30 /* Build configuration list for PBXNativeTarget "TSKLIST__1" */;
			buildPhases = (
				B7BFF8751E7A6C76006CFA30 /* Sources */,
				B7BFF8761E7A6C76006CFA30 /* Frameworks */,
				B7BFF8771E7A6C76006CFA30 /* Resources */,
			);
			buildRules = (
			);
			dependencies = (
			);
			name = TSKLIST__1;
			productName = TSKLIST__1;
			productReference = B7BFF8791E7A6C76006CFA30 /* TSKLIST__1.app */;
			productType = "com.apple.product-type.application";
		};
/* End PBXNativeTarget section */

/* Begin PBXProject section */
		B7BFF8711E7A6C76006CFA30 /* Project object */ = {
			isa = PBXProject;
			attributes = {
				LastSwiftUpdateCheck = 0820;
				LastUpgradeCheck = 0820;
				ORGANIZATIONNAME = soniclouds;
				TargetAttributes = {
					B7BFF8781E7A6C76006CFA30 = {
						CreatedOnToolsVersion = 8.2.1;
						ProvisioningStyle = Automatic;
					};
				};
			};
			buildConfigurationList = B7BFF8741E7A6C76006CFA30 /* Build configuration list for PBXProject "TSKLIST__1" */;
			compatibilityVersion = "Xcode 3.2";
			developmentRegion = English;
			hasScannedForEncodings = 0;
			knownRegions = (
				en,
				Base,
			);
			mainGroup = B7BFF8701E7A6C75006CFA30;
			productRefGroup = B7BFF87A1E7A6C76006CFA30 /* Products */;
			projectDirPath = "";
			projectRoot = "";
			targets = (
				B7BFF8781E7A6C76006CFA30 /* TSKLIST__1 */,
			);
		};
/* End PBXProject section */

/* Begin PBXResourcesBuildPhase section */
		B7BFF8771E7A6C76006CFA30 /* Resources */ = {
			isa = PBXResourcesBuildPhase;
			buildActionMask = 2147483647;
			files = (
				B7BFF88A1E7A6C76006CFA30 /* LaunchScreen.storyboard in Resources */,
				B7BFF8871E7A6C76006CFA30 /* Assets.xcassets in Resources */,
				B7BFF8821E7A6C76006CFA30 /* Main.storyboard in Resources */,
			);
			runOnlyForDeploymentPostprocessing = 0;
		};
/* End PBXResourcesBuildPhase section */

/* Begin PBXSourcesBuildPhase section */
		B7BFF8751E7A6C76006CFA30 /* Sources */ = {
			isa = PBXSourcesBuildPhase;
			buildActionMask = 2147483647;
			files = (
				B7BFF87F1E7A6C76006CFA30 /* ViewController.swift in Sources */,
				B7BFF8851E7A6C76006CFA30 /* TSKLIST__1.xcdatamodeld in Sources */,
				B7BFF87D1E7A6C76006CFA30 /* AppDelegate.swift in Sources */,
			);
			runOnlyForDeploymentPostprocessing = 0;
		};
/* End PBXSourcesBuildPhase section */

/* Begin PBXVariantGroup section */
		B7BFF8801E7A6C76006CFA30 /* Main.storyboard */ = {
			isa = PBXVariantGroup;
			children = (
				B7BFF8811E7A6C76006CFA30 /* Base */,
			);
			name = Main.storyboard;
			sourceTree = "<group>";
		};
		B7BFF8881E7A6C76006CFA30 /* LaunchScreen.storyboard */ = {
			isa = PBXVariantGroup;
			children = (
				B7BFF8891E7A6C76006CFA30 /* Base */,
			);
			name = LaunchScreen.storyboard;
			sourceTree = "<group>";
		};
/* End PBXVariantGroup section */

/* Begin XCBuildConfiguration section */
		B7BFF88C1E7A6C76006CFA30 /* Debug */ = {
			isa = XCBuildConfiguration;
			buildSettings = {
				ALWAYS_SEARCH_USER_PATHS = NO;
				CLANG_ANALYZER_NONNULL = YES;
				CLANG_CXX_LANGUAGE_STANDARD = "gnu++0x";
				CLANG_CXX_LIBRARY = "libc++";
				CLANG_ENABLE_MODULES = YES;
				CLANG_ENABLE_OBJC_ARC = YES;
				CLANG_WARN_BOOL_CONVERSION = YES;
				CLANG_WARN_CONSTANT_CONVERSION = YES;
				CLANG_WARN_DIRECT_OBJC_ISA_USAGE = YES_ERROR;
				CLANG_WARN_DOCUMENTATION_COMMENTS = YES;
				CLANG_WARN_EMPTY_BODY = YES;
				CLANG_WARN_ENUM_CONVERSION = YES;
				CLANG_WARN_INFINITE_RECURSION = YES;
				CLANG_WARN_INT_CONVERSION = YES;
				CLANG_WARN_OBJC_ROOT_CLASS = YES_ERROR;
				CLANG_WARN_SUSPICIOUS_MOVE = YES;
				CLANG_WARN_UNREACHABLE_CODE = YES;
				CLANG_WARN__DUPLICATE_METHOD_MATCH = YES;
				"CODE_SIGN_IDENTITY[sdk=iphoneos*]" = "iPhone Developer";
				COPY_PHASE_STRIP = NO;
				DEBUG_INFORMATION_FORMAT = dwarf;
				ENABLE_STRICT_OBJC_MSGSEND = YES;
				ENABLE_TESTABILITY = YES;
				GCC_C_LANGUAGE_STANDARD = gnu99;
				GCC_DYNAMIC_NO_PIC = NO;
				GCC_NO_COMMON_BLOCKS = YES;
				GCC_OPTIMIZATION_LEVEL = 0;
				GCC_PREPROCESSOR_DEFINITIONS = (
					"DEBUG=1",
					"$(inherited)",
				);
				GCC_WARN_64_TO_32_BIT_CONVERSION = YES;
				GCC_WARN_ABOUT_RETURN_TYPE = YES_ERROR;
				GCC_WARN_UNDECLARED_SELECTOR = YES;
				GCC_WARN_UNINITIALIZED_AUTOS = YES_AGGRESSIVE;
				GCC_WARN_UNUSED_FUNCTION = YES;
				GCC_WARN_UNUSED_VARIABLE = YES;
				IPHONEOS_DEPLOYMENT_TARGET = 10.2;
				MTL_ENABLE_DEBUG_INFO = YES;
				ONLY_ACTIVE_ARCH = YES;
				SDKROOT = iphoneos;
				SWIFT_ACTIVE_COMPILATION_CONDITIONS = DEBUG;
				SWIFT_OPTIMIZATION_LEVEL = "-Onone";
				TARGETED_DEVICE_FAMILY = "1,2";
			};
			name = Debug;
		};
		B7BFF88D1E7A6C76006CFA30 /* Release */ = {
			isa = XCBuildConfiguration;
			buildSettings = {
				ALWAYS_SEARCH_USER_PATHS = NO;
				CLANG_ANALYZER_NONNULL = YES;
				CLANG_CXX_LANGUAGE_STANDARD = "gnu++0x";
				CLANG_CXX_LIBRARY = "libc++";
				CLANG_ENABLE_MODULES = YES;
				CLANG_ENABLE_OBJC_ARC = YES;
				CLANG_WARN_BOOL_CONVERSION = YES;
				CLANG_WARN_CONSTANT_CONVERSION = YES;
				CLANG_WARN_DIRECT_OBJC_ISA_USAGE = YES_ERROR;
				CLANG_WARN_DOCUMENTATION_COMMENTS = YES;
				CLANG_WARN_EMPTY_BODY = YES;
				CLANG_WARN_ENUM_CONVERSION = YES;
				CLANG_WARN_INFINITE_RECURSION = YES;
				CLANG_WARN_INT_CONVERSION = YES;
				CLANG_WARN_OBJC_ROOT_CLASS = YES_ERROR;
				CLANG_WARN_SUSPICIOUS_MOVE = YES;
				CLANG_WARN_UNREACHABLE_CODE = YES;
				CLANG_WARN__DUPLICATE_METHOD_MATCH = YES;
				"CODE_SIGN_IDENTITY[sdk=iphoneos*]" = "iPhone Developer";
				COPY_PHASE_STRIP = NO;
				DEBUG_INFORMATION_FORMAT = "dwarf-with-dsym";
				ENABLE_NS_ASSERTIONS = NO;
				ENABLE_STRICT_OBJC_MSGSEND = YES;
				GCC_C_LANGUAGE_STANDARD = gnu99;
				GCC_NO_COMMON_BLOCKS = YES;
				GCC_WARN_64_TO_32_BIT_CONVERSION = YES;
				GCC_WARN_ABOUT_RETURN_TYPE = YES_ERROR;
				GCC_WARN_UNDECLARED_SELECTOR = YES;
				GCC_WARN_UNINITIALIZED_AUTOS = YES_AGGRESSIVE;
				GCC_WARN_UNUSED_FUNCTION = YES;
				GCC_WARN_UNUSED_VARIABLE = YES;
				IPHONEOS_DEPLOYMENT_TARGET = 10.2;
				MTL_ENABLE_DEBUG_INFO = NO;
				SDKROOT = iphoneos;
				SWIFT_OPTIMIZATION_LEVEL = "-Owholemodule";
				TARGETED_DEVICE_FAMILY = "1,2";
				VALIDATE_PRODUCT = YES;
			};
			name = Release;
		};
		B7BFF88F1E7A6C76006CFA30 /* Debug */ = {
			isa = XCBuildConfiguration;
			buildSettings = {
				ASSETCATALOG_COMPILER_APPICON_NAME = AppIcon;
				INFOPLIST_FILE = TSKLIST__1/Info.plist;
				LD_RUNPATH_SEARCH_PATHS = "$(inherited) @executable_path/Frameworks";
				PRODUCT_BUNDLE_IDENTIFIER = "SCS.TSKLIST--1";
				PRODUCT_NAME = "$(TARGET_NAME)";
				SWIFT_VERSION = 3.0;
			};
			name = Debug;
		};
		B7BFF8901E7A6C76006CFA30 /* Release */ = {
			isa = XCBuildConfiguration;
			buildSettings = {
				ASSETCATALOG_COMPILER_APPICON_NAME = AppIcon;
				INFOPLIST_FILE = TSKLIST__1/Info.plist;
				LD_RUNPATH_SEARCH_PATHS = "$(inherited) @executable_path/Frameworks";
				PRODUCT_BUNDLE_IDENTIFIER = "SCS.TSKLIST--1";
				PRODUCT_NAME = "$(TARGET_NAME)";
				SWIFT_VERSION = 3.0;
			};
			name = Release;
		};
/* End XCBuildConfiguration section */

/* Begin XCConfigurationList section */
		B7BFF8741E7A6C76006CFA30 /* Build configuration list for PBXProject "TSKLIST__1" */ = {
			isa = XCConfigurationList;
			buildConfigurations = (
				B7BFF88C1E7A6C76006CFA30 /* Debug */,
				B7BFF88D1E7A6C76006CFA30 /* Release */,
			);
			defaultConfigurationIsVisible = 0;
			defaultConfigurationName = Release;
		};
		B7BFF88E1E7A6C76006CFA30 /* Build configuration list for PBXNativeTarget "TSKLIST__1" */ = {
			isa = XCConfigurationList;
			buildConfigurations = (
				B7BFF88F1E7A6C76006CFA30 /* Debug */,
				B7BFF8901E7A6C76006CFA30 /* Release */,
			);
			defaultConfigurationIsVisible = 0;
		};
/* End XCConfigurationList section */

/* Begin XCVersionGroup section */
		B7BFF8831E7A6C76006CFA30 /* TSKLIST__1.xcdatamodeld */ = {
			isa = XCVersionGroup;
			children = (
				B7BFF8841E7A6C76006CFA30 /* TSKLIST__1.xcdatamodel */,
			);
			currentVersion = B7BFF8841E7A6C76006CFA30 /* TSKLIST__1.xcdatamodel */;
			path = TSKLIST__1.xcdatamodeld;
			sourceTree = "<group>";
			versionGroupType = wrapper.xcdatamodel;
		};
/* End XCVersionGroup section */
	};
	rootObject = B7BFF8711E7A6C76006CFA30 /* Project object */;
}
